
Microsoft Visual Studio Solution File, Format Version 12.00
# Visual Studio Version 16
VisualStudioVersion = 16.0.31313.79
MinimumVisualStudioVersion = 10.0.40219.1
<<<<<<< HEAD:thZero.NetCore.Library.Services.Serialization.MessagePack.sln
Project("{9A19103F-16F7-4668-BE54-9A1E7A4F7556}") = "thZero.NetCore.Library.Services.Serialization.MessagePack", "thZero.NetCore.Library.Services.Serialization.MessagePack.csproj", "{6DFE89A9-8F1C-42A1-A1A7-DB9858FFF646}"
=======
Project("{9A19103F-16F7-4668-BE54-9A1E7A4F7556}") = "thZero.NetCore.Library.Services.Serialization", "thZero.NetCore.Library.Services.Serialization.csproj", "{BDD939EC-9937-4A7F-94AF-EB63571546B3}"
>>>>>>> 8a15804da25a62261f2f9956adf7be75243d9450:thZero.NetCore.Library.Services.Serialization.sln
EndProject
Project("{9A19103F-16F7-4668-BE54-9A1E7A4F7556}") = "thZero.NetCore.Library", "..\thZero.NetCore.Library\thZero.NetCore.Library.csproj", "{E3D00FB2-46EB-4B33-940C-FDD5F78A0B5B}"
EndProject
Project("{9A19103F-16F7-4668-BE54-9A1E7A4F7556}") = "thZero.NetCore.Library.Services.Serialization", "..\thZero.NetCore.Library.Services.Serialization\thZero.NetCore.Library.Services.Serialization.csproj", "{42D77F39-DE1E-4CCC-AD93-A277928AEA9E}"
EndProject
Global
	GlobalSection(SolutionConfigurationPlatforms) = preSolution
		Debug|Any CPU = Debug|Any CPU
		Release|Any CPU = Release|Any CPU
	EndGlobalSection
	GlobalSection(ProjectConfigurationPlatforms) = postSolution
<<<<<<< HEAD:thZero.NetCore.Library.Services.Serialization.MessagePack.sln
		{6DFE89A9-8F1C-42A1-A1A7-DB9858FFF646}.Debug|Any CPU.ActiveCfg = Debug|Any CPU
		{6DFE89A9-8F1C-42A1-A1A7-DB9858FFF646}.Debug|Any CPU.Build.0 = Debug|Any CPU
		{6DFE89A9-8F1C-42A1-A1A7-DB9858FFF646}.Release|Any CPU.ActiveCfg = Release|Any CPU
		{6DFE89A9-8F1C-42A1-A1A7-DB9858FFF646}.Release|Any CPU.Build.0 = Release|Any CPU
=======
		{BDD939EC-9937-4A7F-94AF-EB63571546B3}.Debug|Any CPU.ActiveCfg = Debug|Any CPU
		{BDD939EC-9937-4A7F-94AF-EB63571546B3}.Debug|Any CPU.Build.0 = Debug|Any CPU
		{BDD939EC-9937-4A7F-94AF-EB63571546B3}.Release|Any CPU.ActiveCfg = Release|Any CPU
		{BDD939EC-9937-4A7F-94AF-EB63571546B3}.Release|Any CPU.Build.0 = Release|Any CPU
>>>>>>> 8a15804da25a62261f2f9956adf7be75243d9450:thZero.NetCore.Library.Services.Serialization.sln
		{E3D00FB2-46EB-4B33-940C-FDD5F78A0B5B}.Debug|Any CPU.ActiveCfg = Debug|Any CPU
		{E3D00FB2-46EB-4B33-940C-FDD5F78A0B5B}.Debug|Any CPU.Build.0 = Debug|Any CPU
		{E3D00FB2-46EB-4B33-940C-FDD5F78A0B5B}.Release|Any CPU.ActiveCfg = Release|Any CPU
		{E3D00FB2-46EB-4B33-940C-FDD5F78A0B5B}.Release|Any CPU.Build.0 = Release|Any CPU
		{C8FA30B0-52EA-4D38-82B7-E83CD6982D0F}.Debug|Any CPU.ActiveCfg = Debug|Any CPU
		{C8FA30B0-52EA-4D38-82B7-E83CD6982D0F}.Debug|Any CPU.Build.0 = Debug|Any CPU
		{C8FA30B0-52EA-4D38-82B7-E83CD6982D0F}.Release|Any CPU.ActiveCfg = Release|Any CPU
		{C8FA30B0-52EA-4D38-82B7-E83CD6982D0F}.Release|Any CPU.Build.0 = Release|Any CPU
		{42D77F39-DE1E-4CCC-AD93-A277928AEA9E}.Debug|Any CPU.ActiveCfg = Debug|Any CPU
		{42D77F39-DE1E-4CCC-AD93-A277928AEA9E}.Debug|Any CPU.Build.0 = Debug|Any CPU
		{42D77F39-DE1E-4CCC-AD93-A277928AEA9E}.Release|Any CPU.ActiveCfg = Release|Any CPU
		{42D77F39-DE1E-4CCC-AD93-A277928AEA9E}.Release|Any CPU.Build.0 = Release|Any CPU
		{08035D73-251F-4D09-93C6-89931F61817B}.Debug|Any CPU.ActiveCfg = Debug|Any CPU
		{08035D73-251F-4D09-93C6-89931F61817B}.Debug|Any CPU.Build.0 = Debug|Any CPU
		{08035D73-251F-4D09-93C6-89931F61817B}.Release|Any CPU.ActiveCfg = Release|Any CPU
		{08035D73-251F-4D09-93C6-89931F61817B}.Release|Any CPU.Build.0 = Release|Any CPU
	EndGlobalSection
	GlobalSection(SolutionProperties) = preSolution
		HideSolutionNode = FALSE
	EndGlobalSection
	GlobalSection(ExtensibilityGlobals) = postSolution
		SolutionGuid = {E15CE4DD-A2A0-4813-B950-0FE72ADC0A0F}
	EndGlobalSection
EndGlobal
